
Microsoft Visual Studio Solution File, Format Version 12.00
# Visual Studio 15
VisualStudioVersion = 15.0.27004.2005
MinimumVisualStudioVersion = 10.0.40219.1
Project("{FAE04EC0-301F-11D3-BF4B-00C04F79EFBC}") = "ApiTesting", "ApiTesting\ApiTesting.csproj", "{67F0BCED-9BE1-4085-9111-DF78F292E9F0}"
EndProject
Global
	GlobalSection(SolutionConfigurationPlatforms) = preSolution
		Debug|Any CPU = Debug|Any CPU
		Release|Any CPU = Release|Any CPU
	EndGlobalSection
	GlobalSection(ProjectConfigurationPlatforms) = postSolution
		{67F0BCED-9BE1-4085-9111-DF78F292E9F0}.Debug|Any CPU.ActiveCfg = Debug|Any CPU
		{67F0BCED-9BE1-4085-9111-DF78F292E9F0}.Debug|Any CPU.Build.0 = Debug|Any CPU
		{67F0BCED-9BE1-4085-9111-DF78F292E9F0}.Release|Any CPU.ActiveCfg = Release|Any CPU
		{67F0BCED-9BE1-4085-9111-DF78F292E9F0}.Release|Any CPU.Build.0 = Release|Any CPU
	EndGlobalSection
	GlobalSection(SolutionProperties) = preSolution
		HideSolutionNode = FALSE
	EndGlobalSection
	GlobalSection(ExtensibilityGlobals) = postSolution
		SolutionGuid = {2F869D41-083B-4124-9734-1B1C4FADA176}
	EndGlobalSection
EndGlobal
